
Microsoft Visual Studio Solution File, Format Version 12.00
# Visual Studio Version 17
VisualStudioVersion = 17.6.34221.33
MinimumVisualStudioVersion = 10.0.40219.1
Project("{FAE04EC0-301F-11D3-BF4B-00C04F79EFBC}") = "AzureOAIConsoleApp", "AzureOAIConsoleApp\AzureOAIConsoleApp.csproj", "{1831A503-FE6F-48EC-9474-56707B533B23}"
EndProject
Global
	GlobalSection(SolutionConfigurationPlatforms) = preSolution
		Debug|Any CPU = Debug|Any CPU
		Release|Any CPU = Release|Any CPU
	EndGlobalSection
	GlobalSection(ProjectConfigurationPlatforms) = postSolution
		{1831A503-FE6F-48EC-9474-56707B533B23}.Debug|Any CPU.ActiveCfg = Debug|Any CPU
		{1831A503-FE6F-48EC-9474-56707B533B23}.Debug|Any CPU.Build.0 = Debug|Any CPU
		{1831A503-FE6F-48EC-9474-56707B533B23}.Release|Any CPU.ActiveCfg = Release|Any CPU
		{1831A503-FE6F-48EC-9474-56707B533B23}.Release|Any CPU.Build.0 = Release|Any CPU
	EndGlobalSection
	GlobalSection(SolutionProperties) = preSolution
		HideSolutionNode = FALSE
	EndGlobalSection
	GlobalSection(ExtensibilityGlobals) = postSolution
		SolutionGuid = {F75D26C4-71C5-4E39-A001-7FD663FDFA8E}
	EndGlobalSection
EndGlobal
